
Microsoft Visual Studio Solution File, Format Version 12.00
# Visual Studio Version 17
VisualStudioVersion = 17.3.32929.385
MinimumVisualStudioVersion = 10.0.40219.1
Project("{FAE04EC0-301F-11D3-BF4B-00C04F79EFBC}") = "Learn_Morozov", "Learn_Morozov\Learn_Morozov.csproj", "{D1DC256C-8982-444C-8675-2F0AD80CAA33}"
EndProject
Global
	GlobalSection(SolutionConfigurationPlatforms) = preSolution
		Debug|Any CPU = Debug|Any CPU
		Release|Any CPU = Release|Any CPU
	EndGlobalSection
	GlobalSection(ProjectConfigurationPlatforms) = postSolution
		{D1DC256C-8982-444C-8675-2F0AD80CAA33}.Debug|Any CPU.ActiveCfg = Debug|Any CPU
		{D1DC256C-8982-444C-8675-2F0AD80CAA33}.Debug|Any CPU.Build.0 = Debug|Any CPU
		{D1DC256C-8982-444C-8675-2F0AD80CAA33}.Release|Any CPU.ActiveCfg = Release|Any CPU
		{D1DC256C-8982-444C-8675-2F0AD80CAA33}.Release|Any CPU.Build.0 = Release|Any CPU
	EndGlobalSection
	GlobalSection(SolutionProperties) = preSolution
		HideSolutionNode = FALSE
	EndGlobalSection
	GlobalSection(ExtensibilityGlobals) = postSolution
		SolutionGuid = {70564144-C370-413D-835F-0BB6458D541E}
	EndGlobalSection
EndGlobal
